
Microsoft Visual Studio Solution File, Format Version 12.00
# Visual Studio Version 16
VisualStudioVersion = 16.0.29102.190
MinimumVisualStudioVersion = 10.0.40219.1
Project("{FAE04EC0-301F-11D3-BF4B-00C04F79EFBC}") = "JanusNG", "JanusNG\JanusNG.csproj", "{3346F2EF-F17A-4C22-972C-15A8460BE29E}"
EndProject
Global
	GlobalSection(SolutionConfigurationPlatforms) = preSolution
		Debug|Any CPU = Debug|Any CPU
		Release|Any CPU = Release|Any CPU
	EndGlobalSection
	GlobalSection(ProjectConfigurationPlatforms) = postSolution
		{3346F2EF-F17A-4C22-972C-15A8460BE29E}.Debug|Any CPU.ActiveCfg = Debug|Any CPU
		{3346F2EF-F17A-4C22-972C-15A8460BE29E}.Debug|Any CPU.Build.0 = Debug|Any CPU
		{3346F2EF-F17A-4C22-972C-15A8460BE29E}.Release|Any CPU.ActiveCfg = Release|Any CPU
		{3346F2EF-F17A-4C22-972C-15A8460BE29E}.Release|Any CPU.Build.0 = Release|Any CPU
	EndGlobalSection
	GlobalSection(SolutionProperties) = preSolution
		HideSolutionNode = FALSE
	EndGlobalSection
	GlobalSection(ExtensibilityGlobals) = postSolution
		SolutionGuid = {7E4A9CAF-53D7-4039-8AAB-87DA2C68C23C}
	EndGlobalSection
EndGlobal
